
Microsoft Visual Studio Solution File, Format Version 12.00
# Visual Studio Version 16
VisualStudioVersion = 16.0.31729.503
MinimumVisualStudioVersion = 10.0.40219.1
Project("{9A19103F-16F7-4668-BE54-9A1E7A4F7556}") = "Lab8", "Lab8\Lab8.csproj", "{AC588FFF-3845-41C3-AD0B-DDCC93396E7D}"
EndProject
Project("{FAE04EC0-301F-11D3-BF4B-00C04F79EFBC}") = "Lab8Tests", "Lab8Tests\Lab8Tests.csproj", "{0B6E13C4-A5E8-47D7-9110-B5DBBA018A9F}"
EndProject
Global
	GlobalSection(SolutionConfigurationPlatforms) = preSolution
		Debug|Any CPU = Debug|Any CPU
		Release|Any CPU = Release|Any CPU
	EndGlobalSection
	GlobalSection(ProjectConfigurationPlatforms) = postSolution
		{AC588FFF-3845-41C3-AD0B-DDCC93396E7D}.Debug|Any CPU.ActiveCfg = Debug|Any CPU
		{AC588FFF-3845-41C3-AD0B-DDCC93396E7D}.Debug|Any CPU.Build.0 = Debug|Any CPU
		{AC588FFF-3845-41C3-AD0B-DDCC93396E7D}.Release|Any CPU.ActiveCfg = Release|Any CPU
		{AC588FFF-3845-41C3-AD0B-DDCC93396E7D}.Release|Any CPU.Build.0 = Release|Any CPU
		{0B6E13C4-A5E8-47D7-9110-B5DBBA018A9F}.Debug|Any CPU.ActiveCfg = Debug|Any CPU
		{0B6E13C4-A5E8-47D7-9110-B5DBBA018A9F}.Debug|Any CPU.Build.0 = Debug|Any CPU
		{0B6E13C4-A5E8-47D7-9110-B5DBBA018A9F}.Release|Any CPU.ActiveCfg = Release|Any CPU
		{0B6E13C4-A5E8-47D7-9110-B5DBBA018A9F}.Release|Any CPU.Build.0 = Release|Any CPU
	EndGlobalSection
	GlobalSection(SolutionProperties) = preSolution
		HideSolutionNode = FALSE
	EndGlobalSection
	GlobalSection(ExtensibilityGlobals) = postSolution
		SolutionGuid = {A582D441-A02C-4535-BBF2-425E836E4CD9}
	EndGlobalSection
EndGlobal
